{
  "version": 4,
  "terraform_version": "1.9.6",
  "serial": 35,
  "lineage": "c21b920c-b43d-493a-a39e-976ca5601feb",
  "outputs": {},
  "resources": [
    {
      "mode": "managed",
      "type": "google_sql_database_instance",
      "name": "service_mysql_instance",
      "provider": "provider[\"registry.terraform.io/hashicorp/google-beta\"]",
      "instances": [
        {
          "schema_version": 0,
          "attributes": {
            "available_maintenance_versions": [],
            "clone": [],
            "connection_name": "dt-sandbox-service-proj:us-central1:dt-sandbox-service-proj-mysql-instance-dev",
            "database_version": "MYSQL_8_4",
            "deletion_protection": false,
            "dns_name": "",
            "encryption_key_name": null,
            "first_ip_address": "35.222.229.113",
            "id": "dt-sandbox-service-proj-mysql-instance-dev",
            "instance_type": "CLOUD_SQL_INSTANCE",
            "ip_address": [
              {
                "ip_address": "35.222.229.113",
                "time_to_retire": "",
                "type": "PRIMARY"
              },
              {
                "ip_address": "10.192.32.17",
                "time_to_retire": "",
                "type": "PRIVATE"
              }
            ],
            "maintenance_version": "MYSQL_8_4_0.R20240915.01_02",
            "master_instance_name": "",
            "name": "dt-sandbox-service-proj-mysql-instance-dev",
            "private_ip_address": "10.192.32.17",
            "project": "dt-sandbox-service-proj",
            "psc_service_attachment_link": "",
            "public_ip_address": "35.222.229.113",
            "region": "us-central1",
            "replica_configuration": [],
            "restore_backup_context": [],
            "root_password": null,
            "self_link": "https://sqladmin.googleapis.com/sql/v1beta4/projects/dt-sandbox-service-proj/instances/dt-sandbox-service-proj-mysql-instance-dev",
            "server_ca_cert": [
              {
                "cert": "-----BEGIN CERTIFICATE-----\nMIIDfzCCAmegAwIBAgIBADANBgkqhkiG9w0BAQsFADB3MS0wKwYDVQQuEyQ2ZTYz\nNTcyYy0yNDk4LTQxOTQtYWViOC0zYzYwOTc1NGE0NmExIzAhBgNVBAMTGkdvb2ds\nZSBDbG91ZCBTUUwgU2VydmVyIENBMRQwEgYDVQQKEwtHb29nbGUsIEluYzELMAkG\nA1UEBhMCVVMwHhcNMjQxMDE0MTQyMzIzWhcNMzQxMDEyMTQyNDIzWjB3MS0wKwYD\nVQQuEyQ2ZTYzNTcyYy0yNDk4LTQxOTQtYWViOC0zYzYwOTc1NGE0NmExIzAhBgNV\nBAMTGkdvb2dsZSBDbG91ZCBTUUwgU2VydmVyIENBMRQwEgYDVQQKEwtHb29nbGUs\nIEluYzELMAkGA1UEBhMCVVMwggEiMA0GCSqGSIb3DQEBAQUAA4IBDwAwggEKAoIB\nAQDJXwuMyqxIbhh7eRMd1c1a3Y4vuxUE66Uh4lmP4Q1yjC6wEINx/xpIBXIWaC6y\nwGZ+M+pQmmSrKSuFO9GPBnIFzqHYCfZfjLQVeObKwrmIXo53nGgg9t9mdMT6qbx1\ndXmD/O+UrcjCTUcI3mNX3z8BJS6FadwDKSqR1F2uks9BIvWZ7H+kgx1dcUx/uWvX\n4CjN2aIe/uEgtchYNOVO5Dnde2uQ6u7p+WDolT+gqy5D8w1DiLvSowXlqaKZnmFV\neWKtCX7pmu+4T3PcO82Pr1abLh1yvS1JdQh2UnbDy33hsEJNkOke1voAUtByspzC\ntWqLLVG79X2hVTpe1E7OlEG9AgMBAAGjFjAUMBIGA1UdEwEB/wQIMAYBAf8CAQAw\nDQYJKoZIhvcNAQELBQADggEBALecq4qAnMIo8v90O2ojU+wGNqP8c+KuHsKVtP2U\nAn5+IncOPXHEInwwbXU3Humb5NNdlKxyzB5DJV8F7F5u2wReYihjLGPbVhFhLNZ1\nFIpwGbtDtGBEWYWS1RDSSOfFFcBjh20bF3BPrw/EC3o1oiAtI2ImBJFS2O/tgdY0\nwGJ9dRV7fDcA0ZszYsUnjJolPXnj+7ucI90q+h0Yxi3KUhRzZ/QOWOh+8IOoo+6v\nZC2BANwr/vsX1+vzLFaLUSvDbtSkWosWG8lOc+kM4eThIvBrcQBY1ZK+iaW5KNhC\nZ7Fe8SCaPTZlza0DvffYb1q7JV+/EKHGO21QcKbNiSK9qcw=\n-----END CERTIFICATE-----",
                "common_name": "C=US,O=Google\\, Inc,CN=Google Cloud SQL Server CA,dnQualifier=6e63572c-2498-4194-aeb8-3c609754a46a",
                "create_time": "2024-10-14T14:23:23.636Z",
                "expiration_time": "2034-10-12T14:24:23.636Z",
                "sha1_fingerprint": "655ce191af2f3866f0992e05f0af649cb312fc2b"
              }
            ],
            "service_account_email_address": "p692159066307-pegcmj@gcp-sa-cloud-sql.iam.gserviceaccount.com",
            "settings": [
              {
                "activation_policy": "ALWAYS",
                "active_directory_config": [],
                "advanced_machine_features": [],
                "availability_type": "ZONAL",
                "backup_configuration": [
                  {
                    "backup_retention_settings": [
                      {
                        "retained_backups": 7,
                        "retention_unit": "COUNT"
                      }
                    ],
                    "binary_log_enabled": false,
                    "enabled": false,
                    "location": "",
                    "point_in_time_recovery_enabled": false,
                    "start_time": "02:00",
                    "transaction_log_retention_days": 7
                  }
                ],
                "collation": "",
                "connector_enforcement": "NOT_REQUIRED",
                "data_cache_config": [],
                "database_flags": [],
                "deletion_protection_enabled": false,
                "deny_maintenance_period": [],
                "disk_autoresize": true,
                "disk_autoresize_limit": 0,
                "disk_size": 10,
                "disk_type": "PD_SSD",
                "edition": "ENTERPRISE",
                "enable_dataplex_integration": false,
                "enable_google_ml_integration": false,
                "insights_config": [],
                "ip_configuration": [
                  {
                    "allocated_ip_range": "dt-sandbox-service-proj-private-ip-address-dev",
                    "authorized_networks": [
                      {
                        "expiration_time": "",
                        "name": "carlokos-vpn-br",
                        "value": "129.148.29.13/32"
                      }
                    ],
                    "enable_private_path_for_google_cloud_services": true,
                    "ipv4_enabled": true,
                    "private_network": "projects/dt-sandbox-host-proj/global/networks/dt-sandbox-service-proj-shared-vpc",
                    "psc_config": [],
                    "server_ca_mode": "GOOGLE_MANAGED_INTERNAL_CA",
                    "ssl_mode": "ALLOW_UNENCRYPTED_AND_ENCRYPTED"
                  }
                ],
                "location_preference": [
                  {
                    "follow_gae_application": "",
                    "secondary_zone": "",
                    "zone": "us-central1-a"
                  }
                ],
                "maintenance_window": [],
                "password_validation_policy": [],
                "pricing_plan": "PER_USE",
                "sql_server_audit_config": [],
                "tier": "db-f1-micro",
                "time_zone": "",
                "user_labels": {},
                "version": 1
              }
            ],
            "timeouts": null
          },
          "sensitive_attributes": [
            [
              {
                "type": "get_attr",
                "value": "server_ca_cert"
              }
            ],
            [
              {
                "type": "get_attr",
                "value": "root_password"
              }
            ]
          ],
          "private": "eyJlMmJmYjczMC1lY2FhLTExZTYtOGY4OC0zNDM2M2JjN2M0YzAiOnsiY3JlYXRlIjo1NDAwMDAwMDAwMDAwLCJkZWxldGUiOjU0MDAwMDAwMDAwMDAsInVwZGF0ZSI6NTQwMDAwMDAwMDAwMH19"
        }
      ]
    },
    {
      "mode": "managed",
      "type": "google_sql_database_instance",
      "name": "service_postgres_instance",
      "provider": "provider[\"registry.terraform.io/hashicorp/google-beta\"]",
      "instances": [
        {
          "schema_version": 0,
          "attributes": {
            "available_maintenance_versions": [],
            "clone": [],
            "connection_name": "dt-sandbox-service-proj:us-central1:dt-sandbox-service-proj-postgres-instance-dev",
            "database_version": "POSTGRES_16",
            "deletion_protection": false,
            "dns_name": "",
            "encryption_key_name": null,
            "first_ip_address": "35.184.12.192",
            "id": "dt-sandbox-service-proj-postgres-instance-dev",
            "instance_type": "CLOUD_SQL_INSTANCE",
            "ip_address": [
              {
                "ip_address": "35.184.12.192",
                "time_to_retire": "",
                "type": "PRIMARY"
              },
              {
                "ip_address": "34.72.248.45",
                "time_to_retire": "",
                "type": "OUTGOING"
              },
              {
                "ip_address": "10.192.32.18",
                "time_to_retire": "",
                "type": "PRIVATE"
              }
            ],
            "maintenance_version": "POSTGRES_16_4.R20240910.01_04",
            "master_instance_name": "",
            "name": "dt-sandbox-service-proj-postgres-instance-dev",
            "private_ip_address": "10.192.32.18",
            "project": "dt-sandbox-service-proj",
            "psc_service_attachment_link": "",
            "public_ip_address": "35.184.12.192",
            "region": "us-central1",
            "replica_configuration": [],
            "restore_backup_context": [],
            "root_password": null,
            "self_link": "https://sqladmin.googleapis.com/sql/v1beta4/projects/dt-sandbox-service-proj/instances/dt-sandbox-service-proj-postgres-instance-dev",
            "server_ca_cert": [
              {
                "cert": "-----BEGIN CERTIFICATE-----\nMIIDfzCCAmegAwIBAgIBADANBgkqhkiG9w0BAQsFADB3MS0wKwYDVQQuEyQyOTRm\nYTI0Ny1jZGZmLTQ0OTItODA3Yi1hNGQ5N2JkMGExMzgxIzAhBgNVBAMTGkdvb2ds\nZSBDbG91ZCBTUUwgU2VydmVyIENBMRQwEgYDVQQKEwtHb29nbGUsIEluYzELMAkG\nA1UEBhMCVVMwHhcNMjQxMDE0MTQyMzIzWhcNMzQxMDEyMTQyNDIzWjB3MS0wKwYD\nVQQuEyQyOTRmYTI0Ny1jZGZmLTQ0OTItODA3Yi1hNGQ5N2JkMGExMzgxIzAhBgNV\nBAMTGkdvb2dsZSBDbG91ZCBTUUwgU2VydmVyIENBMRQwEgYDVQQKEwtHb29nbGUs\nIEluYzELMAkGA1UEBhMCVVMwggEiMA0GCSqGSIb3DQEBAQUAA4IBDwAwggEKAoIB\nAQDJZmya+kBzTR5teE5LxUqzYyvWj+YuHCWp3q05kqMgYFa8Xt/1JCmFNFD3BOg9\nFCHJ3Dt2DIMIktMHG3xheHY7DFK12sIf/MFy9QCszsoafvCEq8mfxlZgu2mLf55r\nV0Q53//kc9n8MmGKwKeO0ErWklu02uX40r2QreBH1ntAX871ecsPpNqmLHlLbSb0\ne/bFa43FQQLjt0eNFJRZ1y3Ou4cpKF+te6P/QMBGAzqMERiVaKTbyyP+polyMRTe\n8+kgc/kLMat4O5Aedzt5BOMx1a+yNeCXD0ZpXL5zIoVteizFSxmDLq14jyKCpNEL\n1pOPFwBEHNwbcnHVdV2RiWCLAgMBAAGjFjAUMBIGA1UdEwEB/wQIMAYBAf8CAQAw\nDQYJKoZIhvcNAQELBQADggEBACyvjWb6tfAfFmYK0fLJttn9OKfU8vUv3+mrqzK2\neAoVv2H5atYXhGJwiTkz+j1Dq+2v04JdWLa4Fb7Lp5+z9v90slKPhBK8UskHzoFv\nVekaP1d6LYntp4F/56vO6dMkTEJRl1QS8x5RRF8fIuDa796Eu4Que+A2IdHIBfwW\nJD9gyum7lsVsiQl4t+DjQJcYJDPyG08ILvPi8F0vxgxbvTneDcZLkyHtSAyFmQXI\nl5+xqflidU5edIW38GxGE7u9WnNeri+S8pZIkBfFdY4f/BuHqeZ8n8QmVCAJ+nCn\n+7TcMrHUXkqjAdPqexgv9rKdyYyJB1USGlQjHj8L7dqkSU4=\n-----END CERTIFICATE-----",
                "common_name": "C=US,O=Google\\, Inc,CN=Google Cloud SQL Server CA,dnQualifier=294fa247-cdff-4492-807b-a4d97bd0a138",
                "create_time": "2024-10-14T14:23:23.153Z",
                "expiration_time": "2034-10-12T14:24:23.153Z",
                "sha1_fingerprint": "852e4570f94f402193d538faf84b06fa3c2192c5"
              }
            ],
            "service_account_email_address": "p692159066307-9zll8k@gcp-sa-cloud-sql.iam.gserviceaccount.com",
            "settings": [
              {
                "activation_policy": "ALWAYS",
                "active_directory_config": [],
                "advanced_machine_features": [],
                "availability_type": "ZONAL",
                "backup_configuration": [
                  {
                    "backup_retention_settings": [
                      {
                        "retained_backups": 7,
                        "retention_unit": "COUNT"
                      }
                    ],
                    "binary_log_enabled": false,
                    "enabled": false,
                    "location": "",
                    "point_in_time_recovery_enabled": false,
                    "start_time": "06:00",
                    "transaction_log_retention_days": 7
                  }
                ],
                "collation": "",
                "connector_enforcement": "NOT_REQUIRED",
                "data_cache_config": [],
                "database_flags": [],
                "deletion_protection_enabled": false,
                "deny_maintenance_period": [],
                "disk_autoresize": true,
                "disk_autoresize_limit": 0,
                "disk_size": 10,
                "disk_type": "PD_SSD",
                "edition": "ENTERPRISE",
                "enable_dataplex_integration": false,
                "enable_google_ml_integration": false,
                "insights_config": [],
                "ip_configuration": [
                  {
                    "allocated_ip_range": "dt-sandbox-service-proj-private-ip-address-dev",
                    "authorized_networks": [
                      {
                        "expiration_time": "",
                        "name": "carlokos-vpn-br",
                        "value": "129.148.29.13/32"
                      }
                    ],
                    "enable_private_path_for_google_cloud_services": true,
                    "ipv4_enabled": true,
                    "private_network": "projects/dt-sandbox-host-proj/global/networks/dt-sandbox-service-proj-shared-vpc",
                    "psc_config": [],
                    "server_ca_mode": "GOOGLE_MANAGED_INTERNAL_CA",
                    "ssl_mode": "ALLOW_UNENCRYPTED_AND_ENCRYPTED"
                  }
                ],
                "location_preference": [
                  {
                    "follow_gae_application": "",
                    "secondary_zone": "",
                    "zone": "us-central1-a"
                  }
                ],
                "maintenance_window": [],
                "password_validation_policy": [],
                "pricing_plan": "PER_USE",
                "sql_server_audit_config": [],
                "tier": "db-f1-micro",
                "time_zone": "",
                "user_labels": {},
                "version": 1
              }
            ],
            "timeouts": null
          },
          "sensitive_attributes": [
            [
              {
                "type": "get_attr",
                "value": "server_ca_cert"
              }
            ],
            [
              {
                "type": "get_attr",
                "value": "root_password"
              }
            ]
          ],
          "private": "eyJlMmJmYjczMC1lY2FhLTExZTYtOGY4OC0zNDM2M2JjN2M0YzAiOnsiY3JlYXRlIjo1NDAwMDAwMDAwMDAwLCJkZWxldGUiOjU0MDAwMDAwMDAwMDAsInVwZGF0ZSI6NTQwMDAwMDAwMDAwMH19"
        }
      ]
    },
    {
      "mode": "managed",
      "type": "local_file",
      "name": "export_databases",
      "provider": "provider[\"registry.terraform.io/hashicorp/local\"]",
      "instances": [
        {
          "schema_version": 0,
          "attributes": {
            "content": "{\"service_mysql_instance\":{\"database_version\":\"MYSQL_8_4\",\"id\":\"dt-sandbox-service-proj-mysql-instance-dev\",\"ip_address\":[{\"ip_address\":\"35.222.229.113\",\"time_to_retire\":\"\",\"type\":\"PRIMARY\"},{\"ip_address\":\"10.192.32.17\",\"time_to_retire\":\"\",\"type\":\"PRIVATE\"}],\"name\":\"dt-sandbox-service-proj-mysql-instance-dev\",\"self_link\":\"https://sqladmin.googleapis.com/sql/v1beta4/projects/dt-sandbox-service-proj/instances/dt-sandbox-service-proj-mysql-instance-dev\"},\"service_postgres_instance\":{\"database_version\":\"POSTGRES_16\",\"id\":\"dt-sandbox-service-proj-postgres-instance-dev\",\"ip_address\":[{\"ip_address\":\"35.184.12.192\",\"time_to_retire\":\"\",\"type\":\"PRIMARY\"},{\"ip_address\":\"34.72.248.45\",\"time_to_retire\":\"\",\"type\":\"OUTGOING\"},{\"ip_address\":\"10.192.32.18\",\"time_to_retire\":\"\",\"type\":\"PRIVATE\"}],\"name\":\"dt-sandbox-service-proj-postgres-instance-dev\",\"self_link\":\"https://sqladmin.googleapis.com/sql/v1beta4/projects/dt-sandbox-service-proj/instances/dt-sandbox-service-proj-postgres-instance-dev\"}}",
            "content_base64": null,
            "content_base64sha256": "v204Btcw44YdJbLUX4Lznu3sxnHUsnk/aFNloPyZORo=",
            "content_base64sha512": "aTGoiPA4NlijWRqzvfuYv+1wSXO4YUPW0d/YrehqmUFZndHXGcV6Y7IAoovO0uKF8B+5Tci3qTU+382slwJzdw==",
            "content_md5": "8ae33abc0b6c48431995483eb66ac830",
            "content_sha1": "90e4eed089f5e580695b4896f55cb6569a35f744",
            "content_sha256": "bf6d3806d730e3861d25b2d45f82f39eedecc671d4b2793f685365a0fc99391a",
            "content_sha512": "6931a888f0383658a3591ab3bdfb98bfed704973b86143d6d1dfd8ade86a9941599dd1d719c57a63b200a28bced2e285f01fb94dc8b7a9353edfcdac97027377",
            "directory_permission": "0777",
            "file_permission": "0777",
            "filename": "./databases.json",
            "id": "90e4eed089f5e580695b4896f55cb6569a35f744",
            "sensitive_content": null,
            "source": null
          },
          "sensitive_attributes": [
            [
              {
                "type": "get_attr",
                "value": "sensitive_content"
              }
            ]
          ],
          "dependencies": [
            "google_sql_database_instance.service_mysql_instance",
            "google_sql_database_instance.service_postgres_instance"
          ]
        }
      ]
    }
  ],
  "check_results": null
}
