{
  "version": 4,
  "terraform_version": "1.9.3",
  "serial": 27,
  "lineage": "c21b920c-b43d-493a-a39e-976ca5601feb",
  "outputs": {},
  "resources": [
    {
      "mode": "managed",
      "type": "google_sql_database_instance",
      "name": "service_mysql_instance",
      "provider": "provider[\"registry.terraform.io/hashicorp/google-beta\"]",
      "instances": [
        {
          "schema_version": 0,
          "attributes": {
            "available_maintenance_versions": [],
            "clone": [],
            "connection_name": "dt-sandbox-service-proj:us-central1:dt-sandbox-service-proj-mysql-instance-dev",
            "database_version": "MYSQL_8_4",
            "deletion_protection": false,
            "dns_name": "",
            "encryption_key_name": null,
            "first_ip_address": "35.226.175.231",
            "id": "dt-sandbox-service-proj-mysql-instance-dev",
            "instance_type": "CLOUD_SQL_INSTANCE",
            "ip_address": [
              {
                "ip_address": "35.226.175.231",
                "time_to_retire": "",
                "type": "PRIMARY"
              },
              {
                "ip_address": "10.192.32.14",
                "time_to_retire": "",
                "type": "PRIVATE"
              }
            ],
            "maintenance_version": "MYSQL_8_4_0.R20240915.01_02",
            "master_instance_name": "",
            "name": "dt-sandbox-service-proj-mysql-instance-dev",
            "private_ip_address": "10.192.32.14",
            "project": "dt-sandbox-service-proj",
            "psc_service_attachment_link": "",
            "public_ip_address": "35.226.175.231",
            "region": "us-central1",
            "replica_configuration": [],
            "restore_backup_context": [],
            "root_password": null,
            "self_link": "https://sqladmin.googleapis.com/sql/v1beta4/projects/dt-sandbox-service-proj/instances/dt-sandbox-service-proj-mysql-instance-dev",
            "server_ca_cert": [
              {
                "cert": "-----BEGIN CERTIFICATE-----\nMIIDfzCCAmegAwIBAgIBADANBgkqhkiG9w0BAQsFADB3MS0wKwYDVQQuEyQ4MDg1\nMDljMy02MmY3LTRiNjgtOTExZi1jMDhkMzNmZWY4OWExIzAhBgNVBAMTGkdvb2ds\nZSBDbG91ZCBTUUwgU2VydmVyIENBMRQwEgYDVQQKEwtHb29nbGUsIEluYzELMAkG\nA1UEBhMCVVMwHhcNMjQxMDEzMTc1NzE3WhcNMzQxMDExMTc1ODE3WjB3MS0wKwYD\nVQQuEyQ4MDg1MDljMy02MmY3LTRiNjgtOTExZi1jMDhkMzNmZWY4OWExIzAhBgNV\nBAMTGkdvb2dsZSBDbG91ZCBTUUwgU2VydmVyIENBMRQwEgYDVQQKEwtHb29nbGUs\nIEluYzELMAkGA1UEBhMCVVMwggEiMA0GCSqGSIb3DQEBAQUAA4IBDwAwggEKAoIB\nAQCqJHnsA+eTlSpiwhXuoLDR/z5tiSybcUxAI8big4vKFq4IPzYApBMHNlcbQRjT\nZZhlnaT91DNp5ORw/zHHMHvC2l7zmkNNEZp+LjD+vP5jH9iOO6g7Hh7Dtrgsf8Ws\n9JkDAIyRXCKvnWCvUEWL5GwaruOZIWgStDi86bKY2W9eHkmZ0HJ9FRnzHZsqwoeY\npqwWwncmxG/sZOu3mvjAbjLNFwBhKayfhKffmplsscAlULO5buXUcKDGUz2IDO+B\n7af+XdxEDXEi928O7A7Bn6qtegP6U893pvpUNbGErixXRu4uisHEymXBKTgD3VSD\nhX6XQitT931nGKBOL4H62UczAgMBAAGjFjAUMBIGA1UdEwEB/wQIMAYBAf8CAQAw\nDQYJKoZIhvcNAQELBQADggEBAI1ekHT+MXRdpg7W7+rPmfnX/X4R7YjuKxy/9M+F\nM/ugTQgJPUyOvpdE5qrY4vLRUWNF1+9LmToLCZbJsDpirhRhyNCr86t76vk4cMLW\nBKKuxqkZUVUUI1N8nqHmAZS+k4nBGXVWAU+l5N81vB7CZzW1SxmBIPBPxvUMK0d6\nyYQ+gjBi1kw72Lb0v0QEw9V8SLBaDsWXBfZKVHpjr/AmzEt5ASo1LkW1zoNJsq8A\n1UTxAeroM/hEllTTLRcDYlkNAXZp7IHR/y/q22sr4IBSazPdiMzITyUrCxJtHoqk\n1TrM4F+3dcDQbZAKir1B3yZQEDfO4u10rwIMF66pSkxkOSI=\n-----END CERTIFICATE-----",
                "common_name": "C=US,O=Google\\, Inc,CN=Google Cloud SQL Server CA,dnQualifier=808509c3-62f7-4b68-911f-c08d33fef89a",
                "create_time": "2024-10-13T17:57:17.280Z",
                "expiration_time": "2034-10-11T17:58:17.280Z",
                "sha1_fingerprint": "6666186d049c696d7704006eef99e0403671efd9"
              }
            ],
            "service_account_email_address": "p692159066307-3l5d66@gcp-sa-cloud-sql.iam.gserviceaccount.com",
            "settings": [
              {
                "activation_policy": "ALWAYS",
                "active_directory_config": [],
                "advanced_machine_features": [],
                "availability_type": "ZONAL",
                "backup_configuration": [
                  {
                    "backup_retention_settings": [
                      {
                        "retained_backups": 7,
                        "retention_unit": "COUNT"
                      }
                    ],
                    "binary_log_enabled": false,
                    "enabled": false,
                    "location": "",
                    "point_in_time_recovery_enabled": false,
                    "start_time": "18:00",
                    "transaction_log_retention_days": 7
                  }
                ],
                "collation": "",
                "connector_enforcement": "NOT_REQUIRED",
                "data_cache_config": [],
                "database_flags": [],
                "deletion_protection_enabled": false,
                "deny_maintenance_period": [],
                "disk_autoresize": true,
                "disk_autoresize_limit": 0,
                "disk_size": 10,
                "disk_type": "PD_SSD",
                "edition": "ENTERPRISE",
                "enable_dataplex_integration": false,
                "enable_google_ml_integration": false,
                "insights_config": [],
                "ip_configuration": [
                  {
                    "allocated_ip_range": "dt-sandbox-service-proj-private-ip-address-dev",
                    "authorized_networks": [
                      {
                        "expiration_time": "",
                        "name": "carlokos-vpn-br",
                        "value": "129.148.29.13/32"
                      }
                    ],
                    "enable_private_path_for_google_cloud_services": true,
                    "ipv4_enabled": true,
                    "private_network": "projects/dt-sandbox-host-proj/global/networks/dt-sandbox-service-proj-shared-vpc",
                    "psc_config": [],
                    "server_ca_mode": "GOOGLE_MANAGED_INTERNAL_CA",
                    "ssl_mode": "ALLOW_UNENCRYPTED_AND_ENCRYPTED"
                  }
                ],
                "location_preference": [
                  {
                    "follow_gae_application": "",
                    "secondary_zone": "",
                    "zone": "us-central1-a"
                  }
                ],
                "maintenance_window": [],
                "password_validation_policy": [],
                "pricing_plan": "PER_USE",
                "sql_server_audit_config": [],
                "tier": "db-f1-micro",
                "time_zone": "",
                "user_labels": {},
                "version": 1
              }
            ],
            "timeouts": null
          },
          "sensitive_attributes": [
            [
              {
                "type": "get_attr",
                "value": "root_password"
              }
            ],
            [
              {
                "type": "get_attr",
                "value": "server_ca_cert"
              }
            ]
          ],
          "private": "eyJlMmJmYjczMC1lY2FhLTExZTYtOGY4OC0zNDM2M2JjN2M0YzAiOnsiY3JlYXRlIjo1NDAwMDAwMDAwMDAwLCJkZWxldGUiOjU0MDAwMDAwMDAwMDAsInVwZGF0ZSI6NTQwMDAwMDAwMDAwMH19"
        }
      ]
    },
    {
      "mode": "managed",
      "type": "google_sql_database_instance",
      "name": "service_postgres_instance",
      "provider": "provider[\"registry.terraform.io/hashicorp/google-beta\"]",
      "instances": [
        {
          "schema_version": 0,
          "attributes": {
            "available_maintenance_versions": [],
            "clone": [],
            "connection_name": "dt-sandbox-service-proj:us-central1:dt-sandbox-service-proj-postgres-instance-dev",
            "database_version": "POSTGRES_16",
            "deletion_protection": false,
            "dns_name": "",
            "encryption_key_name": null,
            "first_ip_address": "34.134.184.60",
            "id": "dt-sandbox-service-proj-postgres-instance-dev",
            "instance_type": "CLOUD_SQL_INSTANCE",
            "ip_address": [
              {
                "ip_address": "34.134.184.60",
                "time_to_retire": "",
                "type": "PRIMARY"
              },
              {
                "ip_address": "35.184.193.165",
                "time_to_retire": "",
                "type": "OUTGOING"
              },
              {
                "ip_address": "10.192.32.13",
                "time_to_retire": "",
                "type": "PRIVATE"
              }
            ],
            "maintenance_version": "POSTGRES_16_4.R20240910.01_02",
            "master_instance_name": "",
            "name": "dt-sandbox-service-proj-postgres-instance-dev",
            "private_ip_address": "10.192.32.13",
            "project": "dt-sandbox-service-proj",
            "psc_service_attachment_link": "",
            "public_ip_address": "34.134.184.60",
            "region": "us-central1",
            "replica_configuration": [],
            "restore_backup_context": [],
            "root_password": null,
            "self_link": "https://sqladmin.googleapis.com/sql/v1beta4/projects/dt-sandbox-service-proj/instances/dt-sandbox-service-proj-postgres-instance-dev",
            "server_ca_cert": [
              {
                "cert": "-----BEGIN CERTIFICATE-----\nMIIDfzCCAmegAwIBAgIBADANBgkqhkiG9w0BAQsFADB3MS0wKwYDVQQuEyQ1YTlk\nZjA1OS1iMTFlLTQ2M2UtOGEwMy1lNjcyZTdmNjg1NmExIzAhBgNVBAMTGkdvb2ds\nZSBDbG91ZCBTUUwgU2VydmVyIENBMRQwEgYDVQQKEwtHb29nbGUsIEluYzELMAkG\nA1UEBhMCVVMwHhcNMjQxMDEzMTc1NzE0WhcNMzQxMDExMTc1ODE0WjB3MS0wKwYD\nVQQuEyQ1YTlkZjA1OS1iMTFlLTQ2M2UtOGEwMy1lNjcyZTdmNjg1NmExIzAhBgNV\nBAMTGkdvb2dsZSBDbG91ZCBTUUwgU2VydmVyIENBMRQwEgYDVQQKEwtHb29nbGUs\nIEluYzELMAkGA1UEBhMCVVMwggEiMA0GCSqGSIb3DQEBAQUAA4IBDwAwggEKAoIB\nAQCrvBB0hbU8DLsQ8hEQC1ErH1FNiiW3L6PnPU1Ys7zlM13addL5zkGuWUaAJOxS\nNbOT1hZAJH0tVTSTV+8nBATbLkJPl9WNAmeGhrEpvdzK9HfrDrWZm+uBAJMS254/\nrILamPtBzHJJfP5o9c7L2kCLYocM5RAWiP0CuRMh9oXUp/zgV4uyfL00X80etvCY\nqmRhreT28sLi1lfsM+LDBLVrA/X8sQhl0vpVCo7laqDfJp4uvQobPbMT5K+WK/IU\nIeZTKC3F9hIIOt7QUthtUd91ytKFromYZtPZcH81r7D3hTssjm47dNGTvX3cfPQ3\ntJ2jysT5L8Puy0Kv9DYnwWY7AgMBAAGjFjAUMBIGA1UdEwEB/wQIMAYBAf8CAQAw\nDQYJKoZIhvcNAQELBQADggEBAH/GS1dqqF9X2ycrlgWaU1vbtZOeZnlEW1JBFqnj\nf9qntydkzNpeJMA64eMGXlJjZdd5ngSoKnsKlvGfhr94iS+mSmLZLlbawgx6qbnl\nbUxHeqjsy/lSSuJ+Y4ge0345J8R6Xq6fj8p65VhnoiEjwyl5zMnivE5TNLHC6OtK\nNAUBoLQYFm1RkBLA0sgN4bZUmZReSs7CezcopmcfLCipev5yqG3xQjL6qINL1Kz4\nrezL/rbBLw88rdk2cIYXpCUQml5aMzHNzMZK5MMdyKrkucPqUeQppcq04uMXJcl0\nutq7ZtezlcTawbE8M6C/74yyAix9tNXZ2IkLMy9Zu0oM5LU=\n-----END CERTIFICATE-----",
                "common_name": "C=US,O=Google\\, Inc,CN=Google Cloud SQL Server CA,dnQualifier=5a9df059-b11e-463e-8a03-e672e7f6856a",
                "create_time": "2024-10-13T17:57:14.941Z",
                "expiration_time": "2034-10-11T17:58:14.941Z",
                "sha1_fingerprint": "c413e628076153159790caf70b904a4234a29748"
              }
            ],
            "service_account_email_address": "p692159066307-pzhcp6@gcp-sa-cloud-sql.iam.gserviceaccount.com",
            "settings": [
              {
                "activation_policy": "ALWAYS",
                "active_directory_config": [],
                "advanced_machine_features": [],
                "availability_type": "ZONAL",
                "backup_configuration": [
                  {
                    "backup_retention_settings": [
                      {
                        "retained_backups": 7,
                        "retention_unit": "COUNT"
                      }
                    ],
                    "binary_log_enabled": false,
                    "enabled": false,
                    "location": "",
                    "point_in_time_recovery_enabled": false,
                    "start_time": "12:00",
                    "transaction_log_retention_days": 7
                  }
                ],
                "collation": "",
                "connector_enforcement": "NOT_REQUIRED",
                "data_cache_config": [],
                "database_flags": [],
                "deletion_protection_enabled": false,
                "deny_maintenance_period": [],
                "disk_autoresize": true,
                "disk_autoresize_limit": 0,
                "disk_size": 10,
                "disk_type": "PD_SSD",
                "edition": "ENTERPRISE",
                "enable_dataplex_integration": false,
                "enable_google_ml_integration": false,
                "insights_config": [],
                "ip_configuration": [
                  {
                    "allocated_ip_range": "dt-sandbox-service-proj-private-ip-address-dev",
                    "authorized_networks": [
                      {
                        "expiration_time": "",
                        "name": "carlokos-vpn-br",
                        "value": "129.148.29.13/32"
                      }
                    ],
                    "enable_private_path_for_google_cloud_services": true,
                    "ipv4_enabled": true,
                    "private_network": "projects/dt-sandbox-host-proj/global/networks/dt-sandbox-service-proj-shared-vpc",
                    "psc_config": [],
                    "server_ca_mode": "GOOGLE_MANAGED_INTERNAL_CA",
                    "ssl_mode": "ALLOW_UNENCRYPTED_AND_ENCRYPTED"
                  }
                ],
                "location_preference": [
                  {
                    "follow_gae_application": "",
                    "secondary_zone": "",
                    "zone": "us-central1-a"
                  }
                ],
                "maintenance_window": [],
                "password_validation_policy": [],
                "pricing_plan": "PER_USE",
                "sql_server_audit_config": [],
                "tier": "db-f1-micro",
                "time_zone": "",
                "user_labels": {},
                "version": 1
              }
            ],
            "timeouts": null
          },
          "sensitive_attributes": [
            [
              {
                "type": "get_attr",
                "value": "root_password"
              }
            ],
            [
              {
                "type": "get_attr",
                "value": "server_ca_cert"
              }
            ]
          ],
          "private": "eyJlMmJmYjczMC1lY2FhLTExZTYtOGY4OC0zNDM2M2JjN2M0YzAiOnsiY3JlYXRlIjo1NDAwMDAwMDAwMDAwLCJkZWxldGUiOjU0MDAwMDAwMDAwMDAsInVwZGF0ZSI6NTQwMDAwMDAwMDAwMH19"
        }
      ]
    },
    {
      "mode": "managed",
      "type": "local_file",
      "name": "export_databases",
      "provider": "provider[\"registry.terraform.io/hashicorp/local\"]",
      "instances": [
        {
          "schema_version": 0,
          "attributes": {
            "content": "{\"service_mysql_instance\":{\"database_version\":\"MYSQL_8_4\",\"id\":\"dt-sandbox-service-proj-mysql-instance-dev\",\"ip_address\":[{\"ip_address\":\"35.226.175.231\",\"time_to_retire\":\"\",\"type\":\"PRIMARY\"},{\"ip_address\":\"10.192.32.14\",\"time_to_retire\":\"\",\"type\":\"PRIVATE\"}],\"name\":\"dt-sandbox-service-proj-mysql-instance-dev\",\"self_link\":\"https://sqladmin.googleapis.com/sql/v1beta4/projects/dt-sandbox-service-proj/instances/dt-sandbox-service-proj-mysql-instance-dev\"},\"service_postgres_instance\":{\"database_version\":\"POSTGRES_16\",\"id\":\"dt-sandbox-service-proj-postgres-instance-dev\",\"ip_address\":[{\"ip_address\":\"34.134.184.60\",\"time_to_retire\":\"\",\"type\":\"PRIMARY\"},{\"ip_address\":\"35.184.193.165\",\"time_to_retire\":\"\",\"type\":\"OUTGOING\"},{\"ip_address\":\"10.192.32.13\",\"time_to_retire\":\"\",\"type\":\"PRIVATE\"}],\"name\":\"dt-sandbox-service-proj-postgres-instance-dev\",\"self_link\":\"https://sqladmin.googleapis.com/sql/v1beta4/projects/dt-sandbox-service-proj/instances/dt-sandbox-service-proj-postgres-instance-dev\"}}",
            "content_base64": null,
            "content_base64sha256": "qrCVsB9y3S1WAvQmjRhjbVezGOcHPE50C+9ATO2kol8=",
            "content_base64sha512": "e7rHm2aQ9+ThYIZia2npCcx07e/S3bCcRXFpgmhdGZFxWA3h6UMeGmy20zZKSo31mdX262gLyEZABjYmjZC78Q==",
            "content_md5": "736c9c6da90eeb368fd49c015935bb95",
            "content_sha1": "3979f9a997e91d61596c7f800bba8d203a8cb397",
            "content_sha256": "aab095b01f72dd2d5602f4268d18636d57b318e7073c4e740bef404ceda4a25f",
            "content_sha512": "7bbac79b6690f7e4e16086626b69e909cc74edefd2ddb09c45716982685d199171580de1e9431e1a6cb6d3364a4a8df599d5f6eb680bc846400636268d90bbf1",
            "directory_permission": "0777",
            "file_permission": "0777",
            "filename": "./databases.json",
            "id": "3979f9a997e91d61596c7f800bba8d203a8cb397",
            "sensitive_content": null,
            "source": null
          },
          "sensitive_attributes": [
            [
              {
                "type": "get_attr",
                "value": "sensitive_content"
              }
            ]
          ],
          "dependencies": [
            "google_sql_database_instance.service_mysql_instance",
            "google_sql_database_instance.service_postgres_instance"
          ]
        }
      ]
    }
  ],
  "check_results": null
}
