{
  "version": 4,
  "terraform_version": "1.9.3",
  "serial": 46,
  "lineage": "4bd5388a-d4b8-8be9-fa97-1b63bca7952f",
  "outputs": {},
  "resources": [
    {
      "mode": "managed",
      "type": "google_compute_firewall",
      "name": "allow-vpn-traffic",
      "provider": "provider[\"registry.terraform.io/hashicorp/google\"]",
      "instances": [
        {
          "schema_version": 1,
          "attributes": {
            "allow": [
              {
                "ports": [],
                "protocol": "all"
              }
            ],
            "creation_timestamp": "2024-10-13T12:41:24.754-07:00",
            "deny": [],
            "description": "",
            "destination_ranges": [],
            "direction": "INGRESS",
            "disabled": false,
            "enable_logging": null,
            "id": "projects/dt-sandbox-host-proj/global/firewalls/allow-vpn-traffic",
            "log_config": [],
            "name": "allow-vpn-traffic",
            "network": "https://www.googleapis.com/compute/v1/projects/dt-sandbox-host-proj/global/networks/dt-sandbox-service-proj-shared-vpc",
            "priority": 1000,
            "project": "dt-sandbox-host-proj",
            "self_link": "https://www.googleapis.com/compute/v1/projects/dt-sandbox-host-proj/global/firewalls/allow-vpn-traffic",
            "source_ranges": [
              "192.168.0.0/16",
              "34.30.88.143/32"
            ],
            "source_service_accounts": [],
            "source_tags": [],
            "target_service_accounts": [],
            "target_tags": [],
            "timeouts": null
          },
          "sensitive_attributes": [],
          "private": "eyJlMmJmYjczMC1lY2FhLTExZTYtOGY4OC0zNDM2M2JjN2M0YzAiOnsiY3JlYXRlIjoxMjAwMDAwMDAwMDAwLCJkZWxldGUiOjEyMDAwMDAwMDAwMDAsInVwZGF0ZSI6MTIwMDAwMDAwMDAwMH0sInNjaGVtYV92ZXJzaW9uIjoiMSJ9"
        }
      ]
    },
    {
      "mode": "managed",
      "type": "google_compute_forwarding_rule",
      "name": "classic_vpn_1_rule_esp",
      "provider": "provider[\"registry.terraform.io/hashicorp/google\"]",
      "instances": [
        {
          "schema_version": 0,
          "attributes": {
            "all_ports": false,
            "allow_global_access": false,
            "allow_psc_global_access": false,
            "backend_service": "",
            "base_forwarding_rule": "",
            "creation_timestamp": "2024-10-13T12:22:27.845-07:00",
            "description": "",
            "effective_labels": {},
            "forwarding_rule_id": 6237808674721604380,
            "id": "projects/dt-sandbox-host-proj/regions/us-central1/forwardingRules/dt-sandbox-host-proj-classic-vpn-1-rule-esp",
            "ip_address": "35.232.23.99",
            "ip_protocol": "ESP",
            "ip_version": "",
            "is_mirroring_collector": false,
            "label_fingerprint": "42WmSpB8rSM=",
            "labels": {},
            "load_balancing_scheme": "EXTERNAL",
            "name": "dt-sandbox-host-proj-classic-vpn-1-rule-esp",
            "network": "",
            "network_tier": "PREMIUM",
            "no_automate_dns_zone": null,
            "port_range": "",
            "ports": [],
            "project": "dt-sandbox-host-proj",
            "psc_connection_id": "",
            "psc_connection_status": "",
            "recreate_closed_psc": false,
            "region": "us-central1",
            "self_link": "https://www.googleapis.com/compute/v1/projects/dt-sandbox-host-proj/regions/us-central1/forwardingRules/dt-sandbox-host-proj-classic-vpn-1-rule-esp",
            "service_directory_registrations": [],
            "service_label": "",
            "service_name": "",
            "source_ip_ranges": [],
            "subnetwork": "",
            "target": "https://www.googleapis.com/compute/v1/projects/dt-sandbox-host-proj/regions/us-central1/targetVpnGateways/dt-sandbox-host-proj-classic-target-gateway-vpn-1",
            "terraform_labels": {},
            "timeouts": null
          },
          "sensitive_attributes": [],
          "private": "eyJlMmJmYjczMC1lY2FhLTExZTYtOGY4OC0zNDM2M2JjN2M0YzAiOnsiY3JlYXRlIjoxMjAwMDAwMDAwMDAwLCJkZWxldGUiOjEyMDAwMDAwMDAwMDAsInVwZGF0ZSI6MTIwMDAwMDAwMDAwMH19",
          "dependencies": [
            "google_compute_vpn_gateway.classic_target_gateway_vpn_1"
          ]
        }
      ]
    },
    {
      "mode": "managed",
      "type": "google_compute_forwarding_rule",
      "name": "classic_vpn_1_rule_udp500",
      "provider": "provider[\"registry.terraform.io/hashicorp/google\"]",
      "instances": [
        {
          "schema_version": 0,
          "attributes": {
            "all_ports": false,
            "allow_global_access": false,
            "allow_psc_global_access": false,
            "backend_service": "",
            "base_forwarding_rule": "",
            "creation_timestamp": "2024-10-13T12:22:27.908-07:00",
            "description": "",
            "effective_labels": {},
            "forwarding_rule_id": 3620163362079482652,
            "id": "projects/dt-sandbox-host-proj/regions/us-central1/forwardingRules/dt-sandbox-host-proj-classic-vpn-1-rule-udp500",
            "ip_address": "35.232.23.99",
            "ip_protocol": "UDP",
            "ip_version": "",
            "is_mirroring_collector": false,
            "label_fingerprint": "42WmSpB8rSM=",
            "labels": {},
            "load_balancing_scheme": "EXTERNAL",
            "name": "dt-sandbox-host-proj-classic-vpn-1-rule-udp500",
            "network": "",
            "network_tier": "PREMIUM",
            "no_automate_dns_zone": null,
            "port_range": "500-500",
            "ports": [],
            "project": "dt-sandbox-host-proj",
            "psc_connection_id": "",
            "psc_connection_status": "",
            "recreate_closed_psc": false,
            "region": "us-central1",
            "self_link": "https://www.googleapis.com/compute/v1/projects/dt-sandbox-host-proj/regions/us-central1/forwardingRules/dt-sandbox-host-proj-classic-vpn-1-rule-udp500",
            "service_directory_registrations": [],
            "service_label": "",
            "service_name": "",
            "source_ip_ranges": [],
            "subnetwork": "",
            "target": "https://www.googleapis.com/compute/v1/projects/dt-sandbox-host-proj/regions/us-central1/targetVpnGateways/dt-sandbox-host-proj-classic-target-gateway-vpn-1",
            "terraform_labels": {},
            "timeouts": null
          },
          "sensitive_attributes": [],
          "private": "eyJlMmJmYjczMC1lY2FhLTExZTYtOGY4OC0zNDM2M2JjN2M0YzAiOnsiY3JlYXRlIjoxMjAwMDAwMDAwMDAwLCJkZWxldGUiOjEyMDAwMDAwMDAwMDAsInVwZGF0ZSI6MTIwMDAwMDAwMDAwMH19",
          "dependencies": [
            "google_compute_vpn_gateway.classic_target_gateway_vpn_1"
          ]
        }
      ]
    },
    {
      "mode": "managed",
      "type": "google_compute_forwarding_rule",
      "name": "classic_vpnc_1_rule_udp4500",
      "provider": "provider[\"registry.terraform.io/hashicorp/google\"]",
      "instances": [
        {
          "schema_version": 0,
          "attributes": {
            "all_ports": false,
            "allow_global_access": false,
            "allow_psc_global_access": false,
            "backend_service": "",
            "base_forwarding_rule": "",
            "creation_timestamp": "2024-10-13T12:22:27.768-07:00",
            "description": "",
            "effective_labels": {},
            "forwarding_rule_id": 7761905406282146588,
            "id": "projects/dt-sandbox-host-proj/regions/us-central1/forwardingRules/dt-sandbox-host-proj-classic-vpn-1-rule-udp4500",
            "ip_address": "35.232.23.99",
            "ip_protocol": "UDP",
            "ip_version": "",
            "is_mirroring_collector": false,
            "label_fingerprint": "42WmSpB8rSM=",
            "labels": {},
            "load_balancing_scheme": "EXTERNAL",
            "name": "dt-sandbox-host-proj-classic-vpn-1-rule-udp4500",
            "network": "",
            "network_tier": "PREMIUM",
            "no_automate_dns_zone": null,
            "port_range": "4500-4500",
            "ports": [],
            "project": "dt-sandbox-host-proj",
            "psc_connection_id": "",
            "psc_connection_status": "",
            "recreate_closed_psc": false,
            "region": "us-central1",
            "self_link": "https://www.googleapis.com/compute/v1/projects/dt-sandbox-host-proj/regions/us-central1/forwardingRules/dt-sandbox-host-proj-classic-vpn-1-rule-udp4500",
            "service_directory_registrations": [],
            "service_label": "",
            "service_name": "",
            "source_ip_ranges": [],
            "subnetwork": "",
            "target": "https://www.googleapis.com/compute/v1/projects/dt-sandbox-host-proj/regions/us-central1/targetVpnGateways/dt-sandbox-host-proj-classic-target-gateway-vpn-1",
            "terraform_labels": {},
            "timeouts": null
          },
          "sensitive_attributes": [],
          "private": "eyJlMmJmYjczMC1lY2FhLTExZTYtOGY4OC0zNDM2M2JjN2M0YzAiOnsiY3JlYXRlIjoxMjAwMDAwMDAwMDAwLCJkZWxldGUiOjEyMDAwMDAwMDAwMDAsInVwZGF0ZSI6MTIwMDAwMDAwMDAwMH19",
          "dependencies": [
            "google_compute_vpn_gateway.classic_target_gateway_vpn_1"
          ]
        }
      ]
    },
    {
      "mode": "managed",
      "type": "google_compute_route",
      "name": "classic_vpn_tunnel_1_route_1",
      "provider": "provider[\"registry.terraform.io/hashicorp/google\"]",
      "instances": [
        {
          "schema_version": 0,
          "attributes": {
            "description": "",
            "dest_range": "192.168.128.0/24",
            "id": "projects/dt-sandbox-host-proj/global/routes/dt-sandbox-host-proj-classic-tunnel-1-route-2",
            "name": "dt-sandbox-host-proj-classic-tunnel-1-route-2",
            "network": "https://www.googleapis.com/compute/v1/projects/dt-sandbox-host-proj/global/networks/dt-sandbox-service-proj-shared-vpc",
            "next_hop_gateway": "",
            "next_hop_ilb": "",
            "next_hop_instance": "",
            "next_hop_instance_zone": null,
            "next_hop_ip": "",
            "next_hop_network": "",
            "next_hop_vpn_tunnel": "https://www.googleapis.com/compute/v1/projects/dt-sandbox-host-proj/regions/us-central1/vpnTunnels/dt-sandbox-host-proj-classic-vpn-tunnel-1",
            "priority": 1000,
            "project": "dt-sandbox-host-proj",
            "self_link": "https://www.googleapis.com/compute/v1/projects/dt-sandbox-host-proj/global/routes/dt-sandbox-host-proj-classic-tunnel-1-route-2",
            "tags": [],
            "timeouts": null
          },
          "sensitive_attributes": [],
          "private": "eyJlMmJmYjczMC1lY2FhLTExZTYtOGY4OC0zNDM2M2JjN2M0YzAiOnsiY3JlYXRlIjoxMjAwMDAwMDAwMDAwLCJkZWxldGUiOjEyMDAwMDAwMDAwMDB9fQ==",
          "dependencies": [
            "google_compute_vpn_gateway.classic_target_gateway_vpn_1",
            "google_compute_vpn_tunnel.classic_vpn_tunnel_1"
          ]
        }
      ]
    },
    {
      "mode": "managed",
      "type": "google_compute_router",
      "name": "classic_vpn_vpn_router",
      "provider": "provider[\"registry.terraform.io/hashicorp/google\"]",
      "instances": [
        {
          "schema_version": 0,
          "attributes": {
            "bgp": [
              {
                "advertise_mode": "DEFAULT",
                "advertised_groups": [],
                "advertised_ip_ranges": [],
                "asn": 64512,
                "identifier_range": "",
                "keepalive_interval": 60
              }
            ],
            "creation_timestamp": "2024-10-13T13:21:42.968-07:00",
            "description": "",
            "encrypted_interconnect_router": false,
            "id": "projects/dt-sandbox-host-proj/regions/us-central1/routers/dt-sandbox-host-proj-classic-vpn-router-dev",
            "name": "dt-sandbox-host-proj-classic-vpn-router-dev",
            "network": "https://www.googleapis.com/compute/v1/projects/dt-sandbox-host-proj/global/networks/dt-sandbox-service-proj-shared-vpc",
            "project": "dt-sandbox-host-proj",
            "region": "us-central1",
            "self_link": "https://www.googleapis.com/compute/v1/projects/dt-sandbox-host-proj/regions/us-central1/routers/dt-sandbox-host-proj-classic-vpn-router-dev",
            "timeouts": null
          },
          "sensitive_attributes": [],
          "private": "eyJlMmJmYjczMC1lY2FhLTExZTYtOGY4OC0zNDM2M2JjN2M0YzAiOnsiY3JlYXRlIjoxMjAwMDAwMDAwMDAwLCJkZWxldGUiOjEyMDAwMDAwMDAwMDAsInVwZGF0ZSI6MTIwMDAwMDAwMDAwMH19"
        }
      ]
    },
    {
      "mode": "managed",
      "type": "google_compute_vpn_gateway",
      "name": "classic_target_gateway_vpn_1",
      "provider": "provider[\"registry.terraform.io/hashicorp/google\"]",
      "instances": [
        {
          "schema_version": 0,
          "attributes": {
            "creation_timestamp": "2024-10-13T12:22:24.470-07:00",
            "description": "",
            "gateway_id": 694540796638110495,
            "id": "projects/dt-sandbox-host-proj/regions/us-central1/targetVpnGateways/dt-sandbox-host-proj-classic-target-gateway-vpn-1",
            "name": "dt-sandbox-host-proj-classic-target-gateway-vpn-1",
            "network": "https://www.googleapis.com/compute/v1/projects/dt-sandbox-host-proj/global/networks/dt-sandbox-service-proj-shared-vpc",
            "project": "dt-sandbox-host-proj",
            "region": "us-central1",
            "self_link": "https://www.googleapis.com/compute/v1/projects/dt-sandbox-host-proj/regions/us-central1/targetVpnGateways/dt-sandbox-host-proj-classic-target-gateway-vpn-1",
            "timeouts": null
          },
          "sensitive_attributes": [],
          "private": "eyJlMmJmYjczMC1lY2FhLTExZTYtOGY4OC0zNDM2M2JjN2M0YzAiOnsiY3JlYXRlIjoxMjAwMDAwMDAwMDAwLCJkZWxldGUiOjEyMDAwMDAwMDAwMDB9fQ=="
        }
      ]
    },
    {
      "mode": "managed",
      "type": "google_compute_vpn_tunnel",
      "name": "classic_vpn_tunnel_1",
      "provider": "provider[\"registry.terraform.io/hashicorp/google\"]",
      "instances": [
        {
          "schema_version": 0,
          "attributes": {
            "creation_timestamp": "2024-10-13T13:59:29.967-07:00",
            "description": "",
            "detailed_status": "Initial handshake",
            "effective_labels": {
              "goog-terraform-provisioned": "true"
            },
            "id": "projects/dt-sandbox-host-proj/regions/us-central1/vpnTunnels/dt-sandbox-host-proj-classic-vpn-tunnel-1",
            "ike_version": 2,
            "label_fingerprint": "vezUS-42LLM=",
            "labels": {},
            "local_traffic_selector": [
              "0.0.0.0/0"
            ],
            "name": "dt-sandbox-host-proj-classic-vpn-tunnel-1",
            "peer_external_gateway": "",
            "peer_external_gateway_interface": 0,
            "peer_gcp_gateway": "",
            "peer_ip": "35.184.48.88",
            "project": "dt-sandbox-host-proj",
            "region": "us-central1",
            "remote_traffic_selector": [
              "0.0.0.0/0"
            ],
            "router": "",
            "self_link": "https://www.googleapis.com/compute/v1/projects/dt-sandbox-host-proj/regions/us-central1/vpnTunnels/dt-sandbox-host-proj-classic-vpn-tunnel-1",
            "shared_secret": "werTYU1@3",
            "shared_secret_hash": "HDeAPsPcTB4yLGhfvw0JK6Rw1ADd",
            "target_vpn_gateway": "https://www.googleapis.com/compute/v1/projects/dt-sandbox-host-proj/regions/us-central1/targetVpnGateways/dt-sandbox-host-proj-classic-target-gateway-vpn-1",
            "terraform_labels": {
              "goog-terraform-provisioned": "true"
            },
            "timeouts": null,
            "tunnel_id": "1387638687308810846",
            "vpn_gateway": "",
            "vpn_gateway_interface": 0
          },
          "sensitive_attributes": [
            [
              {
                "type": "get_attr",
                "value": "shared_secret"
              }
            ]
          ],
          "private": "eyJlMmJmYjczMC1lY2FhLTExZTYtOGY4OC0zNDM2M2JjN2M0YzAiOnsiY3JlYXRlIjoxMjAwMDAwMDAwMDAwLCJkZWxldGUiOjEyMDAwMDAwMDAwMDAsInVwZGF0ZSI6MTIwMDAwMDAwMDAwMH19",
          "dependencies": [
            "google_compute_vpn_gateway.classic_target_gateway_vpn_1"
          ]
        }
      ]
    }
  ],
  "check_results": null
}
