{
  "version": 4,
  "terraform_version": "1.9.3",
  "serial": 163,
  "lineage": "b5582755-591d-0c1e-6221-f13a5f86ef5c",
  "outputs": {},
  "resources": [
    {
      "mode": "managed",
      "type": "google_project_iam_member",
      "name": "host-proj-k8s-agent",
      "provider": "provider[\"registry.terraform.io/hashicorp/google\"]",
      "instances": [
        {
          "schema_version": 0,
          "attributes": {
            "condition": [],
            "etag": "BwYkXyHyV7E=",
            "id": "dt-sandbox-host-proj/roles/container.serviceAgent/serviceAccount:service-67931813644@container-engine-robot.iam.gserviceaccount.com",
            "member": "serviceAccount:service-67931813644@container-engine-robot.iam.gserviceaccount.com",
            "project": "dt-sandbox-host-proj",
            "role": "roles/container.serviceAgent"
          },
          "sensitive_attributes": [],
          "private": "bnVsbA=="
        }
      ]
    },
    {
      "mode": "managed",
      "type": "google_project_iam_member",
      "name": "host-proj-k8s-agent-user",
      "provider": "provider[\"registry.terraform.io/hashicorp/google\"]",
      "instances": [
        {
          "schema_version": 0,
          "attributes": {
            "condition": [],
            "etag": "BwYkXyHyV7E=",
            "id": "dt-sandbox-host-proj/roles/container.hostServiceAgentUser/serviceAccount:service-692159066307@container-engine-robot.iam.gserviceaccount.com",
            "member": "serviceAccount:service-692159066307@container-engine-robot.iam.gserviceaccount.com",
            "project": "dt-sandbox-host-proj",
            "role": "roles/container.hostServiceAgentUser"
          },
          "sensitive_attributes": [],
          "private": "bnVsbA=="
        }
      ]
    },
    {
      "mode": "managed",
      "type": "google_project_iam_member",
      "name": "host-proj-network-user",
      "provider": "provider[\"registry.terraform.io/hashicorp/google\"]",
      "instances": [
        {
          "schema_version": 0,
          "attributes": {
            "condition": [],
            "etag": "BwYkXyHyV7E=",
            "id": "dt-sandbox-host-proj/roles/compute.networkUser/serviceAccount:service-692159066307@container-engine-robot.iam.gserviceaccount.com",
            "member": "serviceAccount:service-692159066307@container-engine-robot.iam.gserviceaccount.com",
            "project": "dt-sandbox-host-proj",
            "role": "roles/compute.networkUser"
          },
          "sensitive_attributes": [],
          "private": "bnVsbA=="
        }
      ]
    },
    {
      "mode": "managed",
      "type": "google_project_iam_member",
      "name": "host-proj-security-admin",
      "provider": "provider[\"registry.terraform.io/hashicorp/google\"]",
      "instances": [
        {
          "schema_version": 0,
          "attributes": {
            "condition": [],
            "etag": "BwYkXyHyV7E=",
            "id": "dt-sandbox-host-proj/roles/compute.securityAdmin/serviceAccount:service-692159066307@container-engine-robot.iam.gserviceaccount.com",
            "member": "serviceAccount:service-692159066307@container-engine-robot.iam.gserviceaccount.com",
            "project": "dt-sandbox-host-proj",
            "role": "roles/compute.securityAdmin"
          },
          "sensitive_attributes": [],
          "private": "bnVsbA=="
        }
      ]
    },
    {
      "mode": "managed",
      "type": "google_project_iam_member",
      "name": "service-proj-k8s-agent",
      "provider": "provider[\"registry.terraform.io/hashicorp/google\"]",
      "instances": [
        {
          "schema_version": 0,
          "attributes": {
            "condition": [],
            "etag": "BwYkXyHr25Q=",
            "id": "dt-sandbox-service-proj/roles/container.serviceAgent/serviceAccount:service-692159066307@container-engine-robot.iam.gserviceaccount.com",
            "member": "serviceAccount:service-692159066307@container-engine-robot.iam.gserviceaccount.com",
            "project": "dt-sandbox-service-proj",
            "role": "roles/container.serviceAgent"
          },
          "sensitive_attributes": [],
          "private": "bnVsbA=="
        }
      ]
    }
  ],
  "check_results": null
}
