{
  "version": 4,
  "terraform_version": "1.9.6",
  "serial": 11,
  "lineage": "9ecc0ef2-4911-ba40-cf96-608d30fd36bd",
  "outputs": {},
  "resources": [
    {
      "mode": "managed",
      "type": "google_storage_bucket",
      "name": "int_crit_project_bucket_images",
      "provider": "provider[\"registry.terraform.io/hashicorp/google\"]",
      "instances": [
        {
          "schema_version": 3,
          "attributes": {
            "autoclass": [
              {
                "enabled": true,
                "terminal_storage_class": "NEARLINE"
              }
            ],
            "cors": [],
            "custom_placement_config": [],
            "default_event_based_hold": false,
            "effective_labels": {
              "goog-terraform-provisioned": "true",
              "type": "vm-images"
            },
            "enable_object_retention": false,
            "encryption": [],
            "force_destroy": false,
            "id": "pme-crit-vm-images-prd",
            "labels": {
              "type": "vm-images"
            },
            "lifecycle_rule": [
              {
                "action": [
                  {
                    "storage_class": "",
                    "type": "Delete"
                  }
                ],
                "condition": [
                  {
                    "age": null,
                    "created_before": "",
                    "custom_time_before": "",
                    "days_since_custom_time": null,
                    "days_since_noncurrent_time": null,
                    "matches_prefix": [],
                    "matches_storage_class": [],
                    "matches_suffix": [],
                    "noncurrent_time_before": "",
                    "num_newer_versions": 3,
                    "send_age_if_zero": null,
                    "send_days_since_custom_time_if_zero": null,
                    "send_days_since_noncurrent_time_if_zero": null,
                    "send_num_newer_versions_if_zero": null,
                    "with_state": "ARCHIVED"
                  }
                ]
              },
              {
                "action": [
                  {
                    "storage_class": "",
                    "type": "Delete"
                  }
                ],
                "condition": [
                  {
                    "age": null,
                    "created_before": "",
                    "custom_time_before": "",
                    "days_since_custom_time": null,
                    "days_since_noncurrent_time": 7,
                    "matches_prefix": [],
                    "matches_storage_class": [],
                    "matches_suffix": [],
                    "noncurrent_time_before": "",
                    "num_newer_versions": null,
                    "send_age_if_zero": null,
                    "send_days_since_custom_time_if_zero": null,
                    "send_days_since_noncurrent_time_if_zero": null,
                    "send_num_newer_versions_if_zero": null,
                    "with_state": "ANY"
                  }
                ]
              }
            ],
            "location": "SOUTHAMERICA-EAST1",
            "logging": [],
            "name": "pme-crit-vm-images-prd",
            "project": "pme-crit-prd",
            "project_number": 60703890361,
            "public_access_prevention": "enforced",
            "requester_pays": false,
            "retention_policy": [],
            "rpo": null,
            "self_link": "https://www.googleapis.com/storage/v1/b/pme-crit-vm-images-prd",
            "soft_delete_policy": [
              {
                "effective_time": "2024-10-08T00:52:46.005Z",
                "retention_duration_seconds": 604800
              }
            ],
            "storage_class": "STANDARD",
            "terraform_labels": {
              "goog-terraform-provisioned": "true",
              "type": "vm-images"
            },
            "timeouts": null,
            "uniform_bucket_level_access": false,
            "url": "gs://pme-crit-vm-images-prd",
            "versioning": [
              {
                "enabled": true
              }
            ],
            "website": []
          },
          "sensitive_attributes": [],
          "private": "eyJlMmJmYjczMC1lY2FhLTExZTYtOGY4OC0zNDM2M2JjN2M0YzAiOnsiY3JlYXRlIjo2MDAwMDAwMDAwMDAsInJlYWQiOjI0MDAwMDAwMDAwMCwidXBkYXRlIjoyNDAwMDAwMDAwMDB9LCJzY2hlbWFfdmVyc2lvbiI6IjMifQ=="
        }
      ]
    }
  ],
  "check_results": null
}
